
Microsoft Visual Studio Solution File, Format Version 12.00
# Visual Studio 15
VisualStudioVersion = 15.0.28307.168
MinimumVisualStudioVersion = 10.0.40219.1
Project("{8BC9CEB8-8B4A-11D0-8D11-00A0C91BC942}") = "Ocoding", "Ocoding\Ocoding.vcxproj", "{1563CC43-4132-4D38-9D73-4E9B4A22244D}"
EndProject
Project("{8BC9CEB8-8B4A-11D0-8D11-00A0C91BC942}") = "001_Operator", "001_Operator\001_Operator.vcxproj", "{EFC2446B-845E-45A8-AF72-614A0F7D970D}"
EndProject
Project("{8BC9CEB8-8B4A-11D0-8D11-00A0C91BC942}") = "002_Singleton", "002_Singleton\002_Singleton.vcxproj", "{3751BE07-1F79-48DA-9848-97EB040C861A}"
EndProject
Project("{8BC9CEB8-8B4A-11D0-8D11-00A0C91BC942}") = "003_DuplicationArray", "003_DuplicationArray\003_DuplicationArray.vcxproj", "{0E783938-5B6B-4B39-A14B-EA35F95F9896}"
EndProject
Project("{8BC9CEB8-8B4A-11D0-8D11-00A0C91BC942}") = "006_PrintListReversedOrder", "006_PrintListReversedOrder\006_PrintListReversedOrder.vcxproj", "{1A5C6BB4-A6A1-430E-A018-B8E44C16C95B}"
EndProject
Project("{8BC9CEB8-8B4A-11D0-8D11-00A0C91BC942}") = "007_ConstructBinaryTree", "007_ConstructBinaryTree\007_ConstructBinaryTree.vcxproj", "{FD29FAC1-9885-482A-AE9C-4DB6AAD6C217}"
EndProject
Project("{8BC9CEB8-8B4A-11D0-8D11-00A0C91BC942}") = "009_QueueWithTwoStack", "009_QueueWithTwoStack\009_QueueWithTwoStack.vcxproj", "{CCD6AD75-E252-4EFF-8115-C2EC7DE516E4}"
EndProject
Project("{8BC9CEB8-8B4A-11D0-8D11-00A0C91BC942}") = "010_Fibonacci", "010_Fibonacci\010_Fibonacci.vcxproj", "{EFF76A20-BD94-46D8-B469-CD8AF1B77B58}"
EndProject
Project("{8BC9CEB8-8B4A-11D0-8D11-00A0C91BC942}") = "011_MinInRotatedArry", "011_MinInRotatedArry\011_MinInRotatedArry.vcxproj", "{9C1F3733-90BD-474D-9930-C988FCE94D07}"
EndProject
Project("{8BC9CEB8-8B4A-11D0-8D11-00A0C91BC942}") = "015_BinaryBit", "015_BinaryBit\015_BinaryBit.vcxproj", "{E69BC61A-FCD0-4DAA-9537-165635799C07}"
EndProject
Project("{8BC9CEB8-8B4A-11D0-8D11-00A0C91BC942}") = "016_Pow", "016_Pow\016_Pow.vcxproj", "{2F040D70-B96D-496A-80D8-A388DF517E92}"
EndProject
Project("{8BC9CEB8-8B4A-11D0-8D11-00A0C91BC942}") = "017_Print1toN", "017_Print1toN\017_Print1toN.vcxproj", "{E87BCBCB-4591-4221-BC63-9DF5A3D68C3A}"
EndProject
Project("{8BC9CEB8-8B4A-11D0-8D11-00A0C91BC942}") = "018_DeleteListNode", "018_DeleteListNode\018_DeleteListNode.vcxproj", "{55FBE148-DF4D-40CA-A3AA-5274275AC4C7}"
EndProject
Project("{8BC9CEB8-8B4A-11D0-8D11-00A0C91BC942}") = "022_KthNodeFromEnd", "022_KthNodeFromEnd\022_KthNodeFromEnd.vcxproj", "{DB1C43C2-B980-4E8A-B2FF-CF4217EF2ECA}"
EndProject
Project("{8BC9CEB8-8B4A-11D0-8D11-00A0C91BC942}") = "023_EntryOfRingList", "023_EntryOfRingList\023_EntryOfRingList.vcxproj", "{EE37BD43-F854-47C0-8D6D-B4236EEA7100}"
EndProject
Project("{8BC9CEB8-8B4A-11D0-8D11-00A0C91BC942}") = "024_ReverseList", "024_ReverseList\024_ReverseList.vcxproj", "{035567FF-62CC-4BDA-84A6-10CAE48570E4}"
EndProject
Project("{8BC9CEB8-8B4A-11D0-8D11-00A0C91BC942}") = "025_MergeSortedList", "025_MergeSortedList\025_MergeSortedList.vcxproj", "{773A2881-1884-4327-9FC0-E6C7BA08A111}"
EndProject
Project("{8BC9CEB8-8B4A-11D0-8D11-00A0C91BC942}") = "026_SubInTree", "026_SubInTree\026_SubInTree.vcxproj", "{0107E66D-064F-4782-B1C4-50BFA06A24F4}"
EndProject
Project("{8BC9CEB8-8B4A-11D0-8D11-00A0C91BC942}") = "027_MirrorOfBinaryTree", "027_MirrorOfBinaryTree\027_MirrorOfBinaryTree.vcxproj", "{AA658BCA-AE12-4D17-B080-1EF985CC6144}"
EndProject
Project("{8BC9CEB8-8B4A-11D0-8D11-00A0C91BC942}") = "029_PrintMatrix", "029_PrintMatrix\029_PrintMatrix.vcxproj", "{EB4FDB7C-2FAC-448F-B644-BF10AFC3EAA2}"
EndProject
Project("{8BC9CEB8-8B4A-11D0-8D11-00A0C91BC942}") = "030_MinStack", "030_MinStack\030_MinStack.vcxproj", "{7663E718-CDDA-4150-9F83-43597C6B6202}"
EndProject
Project("{8BC9CEB8-8B4A-11D0-8D11-00A0C91BC942}") = "031_StackOrder", "031_StackOrder\031_StackOrder.vcxproj", "{635E767F-032E-41C1-A081-A522D465E59E}"
EndProject
Project("{8BC9CEB8-8B4A-11D0-8D11-00A0C91BC942}") = "032_PrintBinaryTreeByLayerOrder", "032_PrintBinaryTreeByLayerOrder\032_PrintBinaryTreeByLayerOrder.vcxproj", "{A68C4438-39E1-4E7D-AE0F-2BB4618E8913}"
EndProject
Project("{8BC9CEB8-8B4A-11D0-8D11-00A0C91BC942}") = "033_IsBinarySearchTree", "033_IsBinarySearchTree\033_IsBinarySearchTree.vcxproj", "{F694A978-D556-417C-8708-C57DEF915501}"
EndProject
Project("{8BC9CEB8-8B4A-11D0-8D11-00A0C91BC942}") = "034_PathOfBinaryTree", "034_PathOfBinaryTree\034_PathOfBinaryTree.vcxproj", "{F1A00246-FF2D-426D-A420-5811320514B0}"
EndProject
Project("{8BC9CEB8-8B4A-11D0-8D11-00A0C91BC942}") = "036_ConvertBinarySearchTree", "036_ConvertBinarySearchTree\036_ConvertBinarySearchTree.vcxproj", "{A54CC3DA-83D7-441F-8C7F-28C4B389388D}"
EndProject
Global
	GlobalSection(SolutionConfigurationPlatforms) = preSolution
		Debug|x64 = Debug|x64
		Debug|x86 = Debug|x86
		Release|x64 = Release|x64
		Release|x86 = Release|x86
	EndGlobalSection
	GlobalSection(ProjectConfigurationPlatforms) = postSolution
		{1563CC43-4132-4D38-9D73-4E9B4A22244D}.Debug|x64.ActiveCfg = Debug|x64
		{1563CC43-4132-4D38-9D73-4E9B4A22244D}.Debug|x64.Build.0 = Debug|x64
		{1563CC43-4132-4D38-9D73-4E9B4A22244D}.Debug|x86.ActiveCfg = Debug|Win32
		{1563CC43-4132-4D38-9D73-4E9B4A22244D}.Debug|x86.Build.0 = Debug|Win32
		{1563CC43-4132-4D38-9D73-4E9B4A22244D}.Release|x64.ActiveCfg = Release|x64
		{1563CC43-4132-4D38-9D73-4E9B4A22244D}.Release|x64.Build.0 = Release|x64
		{1563CC43-4132-4D38-9D73-4E9B4A22244D}.Release|x86.ActiveCfg = Release|Win32
		{1563CC43-4132-4D38-9D73-4E9B4A22244D}.Release|x86.Build.0 = Release|Win32
		{EFC2446B-845E-45A8-AF72-614A0F7D970D}.Debug|x64.ActiveCfg = Debug|x64
		{EFC2446B-845E-45A8-AF72-614A0F7D970D}.Debug|x64.Build.0 = Debug|x64
		{EFC2446B-845E-45A8-AF72-614A0F7D970D}.Debug|x86.ActiveCfg = Debug|Win32
		{EFC2446B-845E-45A8-AF72-614A0F7D970D}.Debug|x86.Build.0 = Debug|Win32
		{EFC2446B-845E-45A8-AF72-614A0F7D970D}.Release|x64.ActiveCfg = Release|x64
		{EFC2446B-845E-45A8-AF72-614A0F7D970D}.Release|x64.Build.0 = Release|x64
		{EFC2446B-845E-45A8-AF72-614A0F7D970D}.Release|x86.ActiveCfg = Release|Win32
		{EFC2446B-845E-45A8-AF72-614A0F7D970D}.Release|x86.Build.0 = Release|Win32
		{3751BE07-1F79-48DA-9848-97EB040C861A}.Debug|x64.ActiveCfg = Debug|x64
		{3751BE07-1F79-48DA-9848-97EB040C861A}.Debug|x64.Build.0 = Debug|x64
		{3751BE07-1F79-48DA-9848-97EB040C861A}.Debug|x86.ActiveCfg = Debug|Win32
		{3751BE07-1F79-48DA-9848-97EB040C861A}.Debug|x86.Build.0 = Debug|Win32
		{3751BE07-1F79-48DA-9848-97EB040C861A}.Release|x64.ActiveCfg = Release|x64
		{3751BE07-1F79-48DA-9848-97EB040C861A}.Release|x64.Build.0 = Release|x64
		{3751BE07-1F79-48DA-9848-97EB040C861A}.Release|x86.ActiveCfg = Release|Win32
		{3751BE07-1F79-48DA-9848-97EB040C861A}.Release|x86.Build.0 = Release|Win32
		{0E783938-5B6B-4B39-A14B-EA35F95F9896}.Debug|x64.ActiveCfg = Debug|x64
		{0E783938-5B6B-4B39-A14B-EA35F95F9896}.Debug|x64.Build.0 = Debug|x64
		{0E783938-5B6B-4B39-A14B-EA35F95F9896}.Debug|x86.ActiveCfg = Debug|Win32
		{0E783938-5B6B-4B39-A14B-EA35F95F9896}.Debug|x86.Build.0 = Debug|Win32
		{0E783938-5B6B-4B39-A14B-EA35F95F9896}.Release|x64.ActiveCfg = Release|x64
		{0E783938-5B6B-4B39-A14B-EA35F95F9896}.Release|x64.Build.0 = Release|x64
		{0E783938-5B6B-4B39-A14B-EA35F95F9896}.Release|x86.ActiveCfg = Release|Win32
		{0E783938-5B6B-4B39-A14B-EA35F95F9896}.Release|x86.Build.0 = Release|Win32
		{1A5C6BB4-A6A1-430E-A018-B8E44C16C95B}.Debug|x64.ActiveCfg = Debug|x64
		{1A5C6BB4-A6A1-430E-A018-B8E44C16C95B}.Debug|x64.Build.0 = Debug|x64
		{1A5C6BB4-A6A1-430E-A018-B8E44C16C95B}.Debug|x86.ActiveCfg = Debug|Win32
		{1A5C6BB4-A6A1-430E-A018-B8E44C16C95B}.Debug|x86.Build.0 = Debug|Win32
		{1A5C6BB4-A6A1-430E-A018-B8E44C16C95B}.Release|x64.ActiveCfg = Release|x64
		{1A5C6BB4-A6A1-430E-A018-B8E44C16C95B}.Release|x64.Build.0 = Release|x64
		{1A5C6BB4-A6A1-430E-A018-B8E44C16C95B}.Release|x86.ActiveCfg = Release|Win32
		{1A5C6BB4-A6A1-430E-A018-B8E44C16C95B}.Release|x86.Build.0 = Release|Win32
		{FD29FAC1-9885-482A-AE9C-4DB6AAD6C217}.Debug|x64.ActiveCfg = Debug|x64
		{FD29FAC1-9885-482A-AE9C-4DB6AAD6C217}.Debug|x64.Build.0 = Debug|x64
		{FD29FAC1-9885-482A-AE9C-4DB6AAD6C217}.Debug|x86.ActiveCfg = Debug|Win32
		{FD29FAC1-9885-482A-AE9C-4DB6AAD6C217}.Debug|x86.Build.0 = Debug|Win32
		{FD29FAC1-9885-482A-AE9C-4DB6AAD6C217}.Release|x64.ActiveCfg = Release|x64
		{FD29FAC1-9885-482A-AE9C-4DB6AAD6C217}.Release|x64.Build.0 = Release|x64
		{FD29FAC1-9885-482A-AE9C-4DB6AAD6C217}.Release|x86.ActiveCfg = Release|Win32
		{FD29FAC1-9885-482A-AE9C-4DB6AAD6C217}.Release|x86.Build.0 = Release|Win32
		{CCD6AD75-E252-4EFF-8115-C2EC7DE516E4}.Debug|x64.ActiveCfg = Debug|x64
		{CCD6AD75-E252-4EFF-8115-C2EC7DE516E4}.Debug|x64.Build.0 = Debug|x64
		{CCD6AD75-E252-4EFF-8115-C2EC7DE516E4}.Debug|x86.ActiveCfg = Debug|Win32
		{CCD6AD75-E252-4EFF-8115-C2EC7DE516E4}.Debug|x86.Build.0 = Debug|Win32
		{CCD6AD75-E252-4EFF-8115-C2EC7DE516E4}.Release|x64.ActiveCfg = Release|x64
		{CCD6AD75-E252-4EFF-8115-C2EC7DE516E4}.Release|x64.Build.0 = Release|x64
		{CCD6AD75-E252-4EFF-8115-C2EC7DE516E4}.Release|x86.ActiveCfg = Release|Win32
		{CCD6AD75-E252-4EFF-8115-C2EC7DE516E4}.Release|x86.Build.0 = Release|Win32
		{EFF76A20-BD94-46D8-B469-CD8AF1B77B58}.Debug|x64.ActiveCfg = Debug|x64
		{EFF76A20-BD94-46D8-B469-CD8AF1B77B58}.Debug|x64.Build.0 = Debug|x64
		{EFF76A20-BD94-46D8-B469-CD8AF1B77B58}.Debug|x86.ActiveCfg = Debug|Win32
		{EFF76A20-BD94-46D8-B469-CD8AF1B77B58}.Debug|x86.Build.0 = Debug|Win32
		{EFF76A20-BD94-46D8-B469-CD8AF1B77B58}.Release|x64.ActiveCfg = Release|x64
		{EFF76A20-BD94-46D8-B469-CD8AF1B77B58}.Release|x64.Build.0 = Release|x64
		{EFF76A20-BD94-46D8-B469-CD8AF1B77B58}.Release|x86.ActiveCfg = Release|Win32
		{EFF76A20-BD94-46D8-B469-CD8AF1B77B58}.Release|x86.Build.0 = Release|Win32
		{9C1F3733-90BD-474D-9930-C988FCE94D07}.Debug|x64.ActiveCfg = Debug|x64
		{9C1F3733-90BD-474D-9930-C988FCE94D07}.Debug|x64.Build.0 = Debug|x64
		{9C1F3733-90BD-474D-9930-C988FCE94D07}.Debug|x86.ActiveCfg = Debug|Win32
		{9C1F3733-90BD-474D-9930-C988FCE94D07}.Debug|x86.Build.0 = Debug|Win32
		{9C1F3733-90BD-474D-9930-C988FCE94D07}.Release|x64.ActiveCfg = Release|x64
		{9C1F3733-90BD-474D-9930-C988FCE94D07}.Release|x64.Build.0 = Release|x64
		{9C1F3733-90BD-474D-9930-C988FCE94D07}.Release|x86.ActiveCfg = Release|Win32
		{9C1F3733-90BD-474D-9930-C988FCE94D07}.Release|x86.Build.0 = Release|Win32
		{E69BC61A-FCD0-4DAA-9537-165635799C07}.Debug|x64.ActiveCfg = Debug|x64
		{E69BC61A-FCD0-4DAA-9537-165635799C07}.Debug|x64.Build.0 = Debug|x64
		{E69BC61A-FCD0-4DAA-9537-165635799C07}.Debug|x86.ActiveCfg = Debug|Win32
		{E69BC61A-FCD0-4DAA-9537-165635799C07}.Debug|x86.Build.0 = Debug|Win32
		{E69BC61A-FCD0-4DAA-9537-165635799C07}.Release|x64.ActiveCfg = Release|x64
		{E69BC61A-FCD0-4DAA-9537-165635799C07}.Release|x64.Build.0 = Release|x64
		{E69BC61A-FCD0-4DAA-9537-165635799C07}.Release|x86.ActiveCfg = Release|Win32
		{E69BC61A-FCD0-4DAA-9537-165635799C07}.Release|x86.Build.0 = Release|Win32
		{2F040D70-B96D-496A-80D8-A388DF517E92}.Debug|x64.ActiveCfg = Debug|x64
		{2F040D70-B96D-496A-80D8-A388DF517E92}.Debug|x64.Build.0 = Debug|x64
		{2F040D70-B96D-496A-80D8-A388DF517E92}.Debug|x86.ActiveCfg = Debug|Win32
		{2F040D70-B96D-496A-80D8-A388DF517E92}.Debug|x86.Build.0 = Debug|Win32
		{2F040D70-B96D-496A-80D8-A388DF517E92}.Release|x64.ActiveCfg = Release|x64
		{2F040D70-B96D-496A-80D8-A388DF517E92}.Release|x64.Build.0 = Release|x64
		{2F040D70-B96D-496A-80D8-A388DF517E92}.Release|x86.ActiveCfg = Release|Win32
		{2F040D70-B96D-496A-80D8-A388DF517E92}.Release|x86.Build.0 = Release|Win32
		{E87BCBCB-4591-4221-BC63-9DF5A3D68C3A}.Debug|x64.ActiveCfg = Debug|x64
		{E87BCBCB-4591-4221-BC63-9DF5A3D68C3A}.Debug|x64.Build.0 = Debug|x64
		{E87BCBCB-4591-4221-BC63-9DF5A3D68C3A}.Debug|x86.ActiveCfg = Debug|Win32
		{E87BCBCB-4591-4221-BC63-9DF5A3D68C3A}.Debug|x86.Build.0 = Debug|Win32
		{E87BCBCB-4591-4221-BC63-9DF5A3D68C3A}.Release|x64.ActiveCfg = Release|x64
		{E87BCBCB-4591-4221-BC63-9DF5A3D68C3A}.Release|x64.Build.0 = Release|x64
		{E87BCBCB-4591-4221-BC63-9DF5A3D68C3A}.Release|x86.ActiveCfg = Release|Win32
		{E87BCBCB-4591-4221-BC63-9DF5A3D68C3A}.Release|x86.Build.0 = Release|Win32
		{55FBE148-DF4D-40CA-A3AA-5274275AC4C7}.Debug|x64.ActiveCfg = Debug|x64
		{55FBE148-DF4D-40CA-A3AA-5274275AC4C7}.Debug|x64.Build.0 = Debug|x64
		{55FBE148-DF4D-40CA-A3AA-5274275AC4C7}.Debug|x86.ActiveCfg = Debug|Win32
		{55FBE148-DF4D-40CA-A3AA-5274275AC4C7}.Debug|x86.Build.0 = Debug|Win32
		{55FBE148-DF4D-40CA-A3AA-5274275AC4C7}.Release|x64.ActiveCfg = Release|x64
		{55FBE148-DF4D-40CA-A3AA-5274275AC4C7}.Release|x64.Build.0 = Release|x64
		{55FBE148-DF4D-40CA-A3AA-5274275AC4C7}.Release|x86.ActiveCfg = Release|Win32
		{55FBE148-DF4D-40CA-A3AA-5274275AC4C7}.Release|x86.Build.0 = Release|Win32
		{DB1C43C2-B980-4E8A-B2FF-CF4217EF2ECA}.Debug|x64.ActiveCfg = Debug|x64
		{DB1C43C2-B980-4E8A-B2FF-CF4217EF2ECA}.Debug|x64.Build.0 = Debug|x64
		{DB1C43C2-B980-4E8A-B2FF-CF4217EF2ECA}.Debug|x86.ActiveCfg = Debug|Win32
		{DB1C43C2-B980-4E8A-B2FF-CF4217EF2ECA}.Debug|x86.Build.0 = Debug|Win32
		{DB1C43C2-B980-4E8A-B2FF-CF4217EF2ECA}.Release|x64.ActiveCfg = Release|x64
		{DB1C43C2-B980-4E8A-B2FF-CF4217EF2ECA}.Release|x64.Build.0 = Release|x64
		{DB1C43C2-B980-4E8A-B2FF-CF4217EF2ECA}.Release|x86.ActiveCfg = Release|Win32
		{DB1C43C2-B980-4E8A-B2FF-CF4217EF2ECA}.Release|x86.Build.0 = Release|Win32
		{EE37BD43-F854-47C0-8D6D-B4236EEA7100}.Debug|x64.ActiveCfg = Debug|x64
		{EE37BD43-F854-47C0-8D6D-B4236EEA7100}.Debug|x64.Build.0 = Debug|x64
		{EE37BD43-F854-47C0-8D6D-B4236EEA7100}.Debug|x86.ActiveCfg = Debug|Win32
		{EE37BD43-F854-47C0-8D6D-B4236EEA7100}.Debug|x86.Build.0 = Debug|Win32
		{EE37BD43-F854-47C0-8D6D-B4236EEA7100}.Release|x64.ActiveCfg = Release|x64
		{EE37BD43-F854-47C0-8D6D-B4236EEA7100}.Release|x64.Build.0 = Release|x64
		{EE37BD43-F854-47C0-8D6D-B4236EEA7100}.Release|x86.ActiveCfg = Release|Win32
		{EE37BD43-F854-47C0-8D6D-B4236EEA7100}.Release|x86.Build.0 = Release|Win32
		{035567FF-62CC-4BDA-84A6-10CAE48570E4}.Debug|x64.ActiveCfg = Debug|x64
		{035567FF-62CC-4BDA-84A6-10CAE48570E4}.Debug|x64.Build.0 = Debug|x64
		{035567FF-62CC-4BDA-84A6-10CAE48570E4}.Debug|x86.ActiveCfg = Debug|Win32
		{035567FF-62CC-4BDA-84A6-10CAE48570E4}.Debug|x86.Build.0 = Debug|Win32
		{035567FF-62CC-4BDA-84A6-10CAE48570E4}.Release|x64.ActiveCfg = Release|x64
		{035567FF-62CC-4BDA-84A6-10CAE48570E4}.Release|x64.Build.0 = Release|x64
		{035567FF-62CC-4BDA-84A6-10CAE48570E4}.Release|x86.ActiveCfg = Release|Win32
		{035567FF-62CC-4BDA-84A6-10CAE48570E4}.Release|x86.Build.0 = Release|Win32
		{773A2881-1884-4327-9FC0-E6C7BA08A111}.Debug|x64.ActiveCfg = Debug|x64
		{773A2881-1884-4327-9FC0-E6C7BA08A111}.Debug|x64.Build.0 = Debug|x64
		{773A2881-1884-4327-9FC0-E6C7BA08A111}.Debug|x86.ActiveCfg = Debug|Win32
		{773A2881-1884-4327-9FC0-E6C7BA08A111}.Debug|x86.Build.0 = Debug|Win32
		{773A2881-1884-4327-9FC0-E6C7BA08A111}.Release|x64.ActiveCfg = Release|x64
		{773A2881-1884-4327-9FC0-E6C7BA08A111}.Release|x64.Build.0 = Release|x64
		{773A2881-1884-4327-9FC0-E6C7BA08A111}.Release|x86.ActiveCfg = Release|Win32
		{773A2881-1884-4327-9FC0-E6C7BA08A111}.Release|x86.Build.0 = Release|Win32
		{0107E66D-064F-4782-B1C4-50BFA06A24F4}.Debug|x64.ActiveCfg = Debug|x64
		{0107E66D-064F-4782-B1C4-50BFA06A24F4}.Debug|x64.Build.0 = Debug|x64
		{0107E66D-064F-4782-B1C4-50BFA06A24F4}.Debug|x86.ActiveCfg = Debug|Win32
		{0107E66D-064F-4782-B1C4-50BFA06A24F4}.Debug|x86.Build.0 = Debug|Win32
		{0107E66D-064F-4782-B1C4-50BFA06A24F4}.Release|x64.ActiveCfg = Release|x64
		{0107E66D-064F-4782-B1C4-50BFA06A24F4}.Release|x64.Build.0 = Release|x64
		{0107E66D-064F-4782-B1C4-50BFA06A24F4}.Release|x86.ActiveCfg = Release|Win32
		{0107E66D-064F-4782-B1C4-50BFA06A24F4}.Release|x86.Build.0 = Release|Win32
		{AA658BCA-AE12-4D17-B080-1EF985CC6144}.Debug|x64.ActiveCfg = Debug|x64
		{AA658BCA-AE12-4D17-B080-1EF985CC6144}.Debug|x64.Build.0 = Debug|x64
		{AA658BCA-AE12-4D17-B080-1EF985CC6144}.Debug|x86.ActiveCfg = Debug|Win32
		{AA658BCA-AE12-4D17-B080-1EF985CC6144}.Debug|x86.Build.0 = Debug|Win32
		{AA658BCA-AE12-4D17-B080-1EF985CC6144}.Release|x64.ActiveCfg = Release|x64
		{AA658BCA-AE12-4D17-B080-1EF985CC6144}.Release|x64.Build.0 = Release|x64
		{AA658BCA-AE12-4D17-B080-1EF985CC6144}.Release|x86.ActiveCfg = Release|Win32
		{AA658BCA-AE12-4D17-B080-1EF985CC6144}.Release|x86.Build.0 = Release|Win32
		{EB4FDB7C-2FAC-448F-B644-BF10AFC3EAA2}.Debug|x64.ActiveCfg = Debug|x64
		{EB4FDB7C-2FAC-448F-B644-BF10AFC3EAA2}.Debug|x64.Build.0 = Debug|x64
		{EB4FDB7C-2FAC-448F-B644-BF10AFC3EAA2}.Debug|x86.ActiveCfg = Debug|Win32
		{EB4FDB7C-2FAC-448F-B644-BF10AFC3EAA2}.Debug|x86.Build.0 = Debug|Win32
		{EB4FDB7C-2FAC-448F-B644-BF10AFC3EAA2}.Release|x64.ActiveCfg = Release|x64
		{EB4FDB7C-2FAC-448F-B644-BF10AFC3EAA2}.Release|x64.Build.0 = Release|x64
		{EB4FDB7C-2FAC-448F-B644-BF10AFC3EAA2}.Release|x86.ActiveCfg = Release|Win32
		{EB4FDB7C-2FAC-448F-B644-BF10AFC3EAA2}.Release|x86.Build.0 = Release|Win32
		{7663E718-CDDA-4150-9F83-43597C6B6202}.Debug|x64.ActiveCfg = Debug|x64
		{7663E718-CDDA-4150-9F83-43597C6B6202}.Debug|x64.Build.0 = Debug|x64
		{7663E718-CDDA-4150-9F83-43597C6B6202}.Debug|x86.ActiveCfg = Debug|Win32
		{7663E718-CDDA-4150-9F83-43597C6B6202}.Debug|x86.Build.0 = Debug|Win32
		{7663E718-CDDA-4150-9F83-43597C6B6202}.Release|x64.ActiveCfg = Release|x64
		{7663E718-CDDA-4150-9F83-43597C6B6202}.Release|x64.Build.0 = Release|x64
		{7663E718-CDDA-4150-9F83-43597C6B6202}.Release|x86.ActiveCfg = Release|Win32
		{7663E718-CDDA-4150-9F83-43597C6B6202}.Release|x86.Build.0 = Release|Win32
		{635E767F-032E-41C1-A081-A522D465E59E}.Debug|x64.ActiveCfg = Debug|x64
		{635E767F-032E-41C1-A081-A522D465E59E}.Debug|x64.Build.0 = Debug|x64
		{635E767F-032E-41C1-A081-A522D465E59E}.Debug|x86.ActiveCfg = Debug|Win32
		{635E767F-032E-41C1-A081-A522D465E59E}.Debug|x86.Build.0 = Debug|Win32
		{635E767F-032E-41C1-A081-A522D465E59E}.Release|x64.ActiveCfg = Release|x64
		{635E767F-032E-41C1-A081-A522D465E59E}.Release|x64.Build.0 = Release|x64
		{635E767F-032E-41C1-A081-A522D465E59E}.Release|x86.ActiveCfg = Release|Win32
		{635E767F-032E-41C1-A081-A522D465E59E}.Release|x86.Build.0 = Release|Win32
		{A68C4438-39E1-4E7D-AE0F-2BB4618E8913}.Debug|x64.ActiveCfg = Debug|x64
		{A68C4438-39E1-4E7D-AE0F-2BB4618E8913}.Debug|x64.Build.0 = Debug|x64
		{A68C4438-39E1-4E7D-AE0F-2BB4618E8913}.Debug|x86.ActiveCfg = Debug|Win32
		{A68C4438-39E1-4E7D-AE0F-2BB4618E8913}.Debug|x86.Build.0 = Debug|Win32
		{A68C4438-39E1-4E7D-AE0F-2BB4618E8913}.Release|x64.ActiveCfg = Release|x64
		{A68C4438-39E1-4E7D-AE0F-2BB4618E8913}.Release|x64.Build.0 = Release|x64
		{A68C4438-39E1-4E7D-AE0F-2BB4618E8913}.Release|x86.ActiveCfg = Release|Win32
		{A68C4438-39E1-4E7D-AE0F-2BB4618E8913}.Release|x86.Build.0 = Release|Win32
		{F694A978-D556-417C-8708-C57DEF915501}.Debug|x64.ActiveCfg = Debug|x64
		{F694A978-D556-417C-8708-C57DEF915501}.Debug|x64.Build.0 = Debug|x64
		{F694A978-D556-417C-8708-C57DEF915501}.Debug|x86.ActiveCfg = Debug|Win32
		{F694A978-D556-417C-8708-C57DEF915501}.Debug|x86.Build.0 = Debug|Win32
		{F694A978-D556-417C-8708-C57DEF915501}.Release|x64.ActiveCfg = Release|x64
		{F694A978-D556-417C-8708-C57DEF915501}.Release|x64.Build.0 = Release|x64
		{F694A978-D556-417C-8708-C57DEF915501}.Release|x86.ActiveCfg = Release|Win32
		{F694A978-D556-417C-8708-C57DEF915501}.Release|x86.Build.0 = Release|Win32
		{F1A00246-FF2D-426D-A420-5811320514B0}.Debug|x64.ActiveCfg = Debug|x64
		{F1A00246-FF2D-426D-A420-5811320514B0}.Debug|x64.Build.0 = Debug|x64
		{F1A00246-FF2D-426D-A420-5811320514B0}.Debug|x86.ActiveCfg = Debug|Win32
		{F1A00246-FF2D-426D-A420-5811320514B0}.Debug|x86.Build.0 = Debug|Win32
		{F1A00246-FF2D-426D-A420-5811320514B0}.Release|x64.ActiveCfg = Release|x64
		{F1A00246-FF2D-426D-A420-5811320514B0}.Release|x64.Build.0 = Release|x64
		{F1A00246-FF2D-426D-A420-5811320514B0}.Release|x86.ActiveCfg = Release|Win32
		{F1A00246-FF2D-426D-A420-5811320514B0}.Release|x86.Build.0 = Release|Win32
		{A54CC3DA-83D7-441F-8C7F-28C4B389388D}.Debug|x64.ActiveCfg = Debug|x64
		{A54CC3DA-83D7-441F-8C7F-28C4B389388D}.Debug|x64.Build.0 = Debug|x64
		{A54CC3DA-83D7-441F-8C7F-28C4B389388D}.Debug|x86.ActiveCfg = Debug|Win32
		{A54CC3DA-83D7-441F-8C7F-28C4B389388D}.Debug|x86.Build.0 = Debug|Win32
		{A54CC3DA-83D7-441F-8C7F-28C4B389388D}.Release|x64.ActiveCfg = Release|x64
		{A54CC3DA-83D7-441F-8C7F-28C4B389388D}.Release|x64.Build.0 = Release|x64
		{A54CC3DA-83D7-441F-8C7F-28C4B389388D}.Release|x86.ActiveCfg = Release|Win32
		{A54CC3DA-83D7-441F-8C7F-28C4B389388D}.Release|x86.Build.0 = Release|Win32
	EndGlobalSection
	GlobalSection(SolutionProperties) = preSolution
		HideSolutionNode = FALSE
	EndGlobalSection
	GlobalSection(ExtensibilityGlobals) = postSolution
		SolutionGuid = {B86BC247-37A2-4FF0-A232-DF1A1D2E1FF1}
	EndGlobalSection
EndGlobal
