
Microsoft Visual Studio Solution File, Format Version 12.00
# Visual Studio 15
VisualStudioVersion = 15.0.28307.168
MinimumVisualStudioVersion = 10.0.40219.1
Project("{8BC9CEB8-8B4A-11D0-8D11-00A0C91BC942}") = "Coding", "Coding\Coding.vcxproj", "{32BE17C2-C32C-496B-B324-2DEAFA525506}"
EndProject
Project("{8BC9CEB8-8B4A-11D0-8D11-00A0C91BC942}") = "Operator", "Operator\Operator.vcxproj", "{C3CDE1C4-9D6A-4DAB-97BB-6DCCC8A14270}"
EndProject
Global
	GlobalSection(SolutionConfigurationPlatforms) = preSolution
		Debug|x64 = Debug|x64
		Debug|x86 = Debug|x86
		Release|x64 = Release|x64
		Release|x86 = Release|x86
	EndGlobalSection
	GlobalSection(ProjectConfigurationPlatforms) = postSolution
		{32BE17C2-C32C-496B-B324-2DEAFA525506}.Debug|x64.ActiveCfg = Debug|x64
		{32BE17C2-C32C-496B-B324-2DEAFA525506}.Debug|x64.Build.0 = Debug|x64
		{32BE17C2-C32C-496B-B324-2DEAFA525506}.Debug|x86.ActiveCfg = Debug|Win32
		{32BE17C2-C32C-496B-B324-2DEAFA525506}.Debug|x86.Build.0 = Debug|Win32
		{32BE17C2-C32C-496B-B324-2DEAFA525506}.Release|x64.ActiveCfg = Release|x64
		{32BE17C2-C32C-496B-B324-2DEAFA525506}.Release|x64.Build.0 = Release|x64
		{32BE17C2-C32C-496B-B324-2DEAFA525506}.Release|x86.ActiveCfg = Release|Win32
		{32BE17C2-C32C-496B-B324-2DEAFA525506}.Release|x86.Build.0 = Release|Win32
		{C3CDE1C4-9D6A-4DAB-97BB-6DCCC8A14270}.Debug|x64.ActiveCfg = Debug|x64
		{C3CDE1C4-9D6A-4DAB-97BB-6DCCC8A14270}.Debug|x64.Build.0 = Debug|x64
		{C3CDE1C4-9D6A-4DAB-97BB-6DCCC8A14270}.Debug|x86.ActiveCfg = Debug|Win32
		{C3CDE1C4-9D6A-4DAB-97BB-6DCCC8A14270}.Debug|x86.Build.0 = Debug|Win32
		{C3CDE1C4-9D6A-4DAB-97BB-6DCCC8A14270}.Release|x64.ActiveCfg = Release|x64
		{C3CDE1C4-9D6A-4DAB-97BB-6DCCC8A14270}.Release|x64.Build.0 = Release|x64
		{C3CDE1C4-9D6A-4DAB-97BB-6DCCC8A14270}.Release|x86.ActiveCfg = Release|Win32
		{C3CDE1C4-9D6A-4DAB-97BB-6DCCC8A14270}.Release|x86.Build.0 = Release|Win32
	EndGlobalSection
	GlobalSection(SolutionProperties) = preSolution
		HideSolutionNode = FALSE
	EndGlobalSection
	GlobalSection(ExtensibilityGlobals) = postSolution
		SolutionGuid = {851C2B60-C8E0-4018-A01A-110D193D3611}
	EndGlobalSection
EndGlobal
